// !$*UTF8*$!
{
	archiveVersion = 1;
	classes = {
	};
	objectVersion = 55;
	objects = {

/* Begin PBXBuildFile section */
		FC100FD4282F060400CEBC95 /* AppDelegate.swift in Sources */ = {isa = PBXBuildFile; fileRef = FC100FD3282F060400CEBC95 /* AppDelegate.swift */; };
		FC100FDD282F060500CEBC95 /* Assets.xcassets in Resources */ = {isa = PBXBuildFile; fileRef = FC100FDC282F060500CEBC95 /* Assets.xcassets */; };
		FC100FE0282F060500CEBC95 /* LaunchScreen.storyboard in Resources */ = {isa = PBXBuildFile; fileRef = FC100FDE282F060500CEBC95 /* LaunchScreen.storyboard */; };
		FC92CA68283148F200F8254E /* InfoViewController.swift in Sources */ = {isa = PBXBuildFile; fileRef = FC92CA67283148F200F8254E /* InfoViewController.swift */; };
		FC92CA6B2832EEBC00F8254E /* ProfileHeaderView.swift in Sources */ = {isa = PBXBuildFile; fileRef = FC92CA6A2832EEBC00F8254E /* ProfileHeaderView.swift */; };
		FC92CA6F2832F08A00F8254E /* ProfileViewController.swift in Sources */ = {isa = PBXBuildFile; fileRef = FC92CA6E2832F08A00F8254E /* ProfileViewController.swift */; };
		FC92CA712838380A00F8254E /* LogInViewController.swift in Sources */ = {isa = PBXBuildFile; fileRef = FC92CA702838380A00F8254E /* LogInViewController.swift */; };
		FCBD62A5282FC86900E39F5B /* MyUITabBarController.swift in Sources */ = {isa = PBXBuildFile; fileRef = FCBD62A4282FC86900E39F5B /* MyUITabBarController.swift */; };
		FCBD62A928302EEE00E39F5B /* PostViewController.swift in Sources */ = {isa = PBXBuildFile; fileRef = FCBD62A828302EEE00E39F5B /* PostViewController.swift */; };
		FCBD62AD283055AE00E39F5B /* FeedViewController.swift in Sources */ = {isa = PBXBuildFile; fileRef = FCBD62AC283055AE00E39F5B /* FeedViewController.swift */; };
		FCD89C82283AD899005A98E6 /* Post.swift in Sources */ = {isa = PBXBuildFile; fileRef = FCD89C81283AD898005A98E6 /* Post.swift */; };
		FCD89C84283ADE83005A98E6 /* PostTableViewCell.swift in Sources */ = {isa = PBXBuildFile; fileRef = FCD89C83283ADE83005A98E6 /* PostTableViewCell.swift */; };
/* End PBXBuildFile section */

/* Begin PBXFileReference section */
		FC100FD0282F060400CEBC95 /* Navigation.app */ = {isa = PBXFileReference; explicitFileType = wrapper.application; includeInIndex = 0; path = Navigation.app; sourceTree = BUILT_PRODUCTS_DIR; };
		FC100FD3282F060400CEBC95 /* AppDelegate.swift */ = {isa = PBXFileReference; lastKnownFileType = sourcecode.swift; path = AppDelegate.swift; sourceTree = "<group>"; };
		FC100FDC282F060500CEBC95 /* Assets.xcassets */ = {isa = PBXFileReference; lastKnownFileType = folder.assetcatalog; path = Assets.xcassets; sourceTree = "<group>"; };
		FC100FDF282F060500CEBC95 /* Base */ = {isa = PBXFileReference; lastKnownFileType = file.storyboard; name = Base; path = Base.lproj/LaunchScreen.storyboard; sourceTree = "<group>"; };
		FC100FE1282F060500CEBC95 /* Info.plist */ = {isa = PBXFileReference; lastKnownFileType = text.plist.xml; path = Info.plist; sourceTree = "<group>"; };
		FC92CA67283148F200F8254E /* InfoViewController.swift */ = {isa = PBXFileReference; lastKnownFileType = sourcecode.swift; path = InfoViewController.swift; sourceTree = "<group>"; };
		FC92CA6A2832EEBC00F8254E /* ProfileHeaderView.swift */ = {isa = PBXFileReference; lastKnownFileType = sourcecode.swift; path = ProfileHeaderView.swift; sourceTree = "<group>"; };
		FC92CA6E2832F08A00F8254E /* ProfileViewController.swift */ = {isa = PBXFileReference; lastKnownFileType = sourcecode.swift; path = ProfileViewController.swift; sourceTree = "<group>"; };
		FC92CA702838380A00F8254E /* LogInViewController.swift */ = {isa = PBXFileReference; lastKnownFileType = sourcecode.swift; path = LogInViewController.swift; sourceTree = "<group>"; };
		FCBD62A4282FC86900E39F5B /* MyUITabBarController.swift */ = {isa = PBXFileReference; lastKnownFileType = sourcecode.swift; path = MyUITabBarController.swift; sourceTree = "<group>"; };
		FCBD62A828302EEE00E39F5B /* PostViewController.swift */ = {isa = PBXFileReference; lastKnownFileType = sourcecode.swift; path = PostViewController.swift; sourceTree = "<group>"; };
		FCBD62AC283055AE00E39F5B /* FeedViewController.swift */ = {isa = PBXFileReference; lastKnownFileType = sourcecode.swift; path = FeedViewController.swift; sourceTree = "<group>"; };
		FCD89C81283AD898005A98E6 /* Post.swift */ = {isa = PBXFileReference; lastKnownFileType = sourcecode.swift; path = Post.swift; sourceTree = "<group>"; };
		FCD89C83283ADE83005A98E6 /* PostTableViewCell.swift */ = {isa = PBXFileReference; lastKnownFileType = sourcecode.swift; path = PostTableViewCell.swift; sourceTree = "<group>"; };
/* End PBXFileReference section */

/* Begin PBXFrameworksBuildPhase section */
		FC100FCD282F060400CEBC95 /* Frameworks */ = {
			isa = PBXFrameworksBuildPhase;
			buildActionMask = 2147483647;
			files = (
			);
			runOnlyForDeploymentPostprocessing = 0;
		};
/* End PBXFrameworksBuildPhase section */

/* Begin PBXGroup section */
		FC100FC7282F060400CEBC95 = {
			isa = PBXGroup;
			children = (
				FCD89C88283AE28F005A98E6 /* Post */,
				FC92CA692832E7E900F8254E /* Profile */,
				FC100FD2282F060400CEBC95 /* Navigation */,
				FC100FD1282F060400CEBC95 /* Products */,
			);
			sourceTree = "<group>";
		};
		FC100FD1282F060400CEBC95 /* Products */ = {
			isa = PBXGroup;
			children = (
				FC100FD0282F060400CEBC95 /* Navigation.app */,
			);
			name = Products;
			sourceTree = "<group>";
		};
		FC100FD2282F060400CEBC95 /* Navigation */ = {
			isa = PBXGroup;
			children = (
				FC100FD3282F060400CEBC95 /* AppDelegate.swift */,
				FC92CA67283148F200F8254E /* InfoViewController.swift */,
				FCBD62AC283055AE00E39F5B /* FeedViewController.swift */,
				FCBD62A4282FC86900E39F5B /* MyUITabBarController.swift */,
				FC100FDC282F060500CEBC95 /* Assets.xcassets */,
				FC100FDE282F060500CEBC95 /* LaunchScreen.storyboard */,
				FC100FE1282F060500CEBC95 /* Info.plist */,
			);
			path = Navigation;
			sourceTree = "<group>";
		};
		FC92CA692832E7E900F8254E /* Profile */ = {
			isa = PBXGroup;
			children = (
				FC92CA6A2832EEBC00F8254E /* ProfileHeaderView.swift */,
				FC92CA702838380A00F8254E /* LogInViewController.swift */,
				FC92CA6E2832F08A00F8254E /* ProfileViewController.swift */,
			);
			path = Profile;
			sourceTree = "<group>";
		};
		FCD89C88283AE28F005A98E6 /* Post */ = {
			isa = PBXGroup;
			children = (
				FCD89C81283AD898005A98E6 /* Post.swift */,
				FCD89C83283ADE83005A98E6 /* PostTableViewCell.swift */,
				FCBD62A828302EEE00E39F5B /* PostViewController.swift */,
			);
			path = Post;
			sourceTree = "<group>";
		};
/* End PBXGroup section */

/* Begin PBXNativeTarget section */
		FC100FCF282F060400CEBC95 /* Navigation */ = {
			isa = PBXNativeTarget;
			buildConfigurationList = FC100FE4282F060500CEBC95 /* Build configuration list for PBXNativeTarget "Navigation" */;
			buildPhases = (
				FC100FCC282F060400CEBC95 /* Sources */,
				FC100FCD282F060400CEBC95 /* Frameworks */,
				FC100FCE282F060400CEBC95 /* Resources */,
			);
			buildRules = (
			);
			dependencies = (
			);
			name = Navigation;
			productName = Navigation;
			productReference = FC100FD0282F060400CEBC95 /* Navigation.app */;
			productType = "com.apple.product-type.application";
		};
/* End PBXNativeTarget section */

/* Begin PBXProject section */
		FC100FC8282F060400CEBC95 /* Project object */ = {
			isa = PBXProject;
			attributes = {
				BuildIndependentTargetsInParallel = 1;
				LastSwiftUpdateCheck = 1330;
				LastUpgradeCheck = 1330;
				TargetAttributes = {
					FC100FCF282F060400CEBC95 = {
						CreatedOnToolsVersion = 13.3.1;
					};
				};
			};
			buildConfigurationList = FC100FCB282F060400CEBC95 /* Build configuration list for PBXProject "Navigation" */;
			compatibilityVersion = "Xcode 13.0";
			developmentRegion = en;
			hasScannedForEncodings = 0;
			knownRegions = (
				en,
				Base,
			);
			mainGroup = FC100FC7282F060400CEBC95;
			productRefGroup = FC100FD1282F060400CEBC95 /* Products */;
			projectDirPath = "";
			projectRoot = "";
			targets = (
				FC100FCF282F060400CEBC95 /* Navigation */,
			);
		};
/* End PBXProject section */

/* Begin PBXResourcesBuildPhase section */
		FC100FCE282F060400CEBC95 /* Resources */ = {
			isa = PBXResourcesBuildPhase;
			buildActionMask = 2147483647;
			files = (
				FC100FE0282F060500CEBC95 /* LaunchScreen.storyboard in Resources */,
				FC100FDD282F060500CEBC95 /* Assets.xcassets in Resources */,
			);
			runOnlyForDeploymentPostprocessing = 0;
		};
/* End PBXResourcesBuildPhase section */

/* Begin PBXSourcesBuildPhase section */
		FC100FCC282F060400CEBC95 /* Sources */ = {
			isa = PBXSourcesBuildPhase;
			buildActionMask = 2147483647;
			files = (
				FCBD62A5282FC86900E39F5B /* MyUITabBarController.swift in Sources */,
				FC92CA68283148F200F8254E /* InfoViewController.swift in Sources */,
				FC100FD4282F060400CEBC95 /* AppDelegate.swift in Sources */,
				FC92CA6B2832EEBC00F8254E /* ProfileHeaderView.swift in Sources */,
				FC92CA712838380A00F8254E /* LogInViewController.swift in Sources */,
				FCBD62AD283055AE00E39F5B /* FeedViewController.swift in Sources */,
				FCD89C82283AD899005A98E6 /* Post.swift in Sources */,
				FCD89C84283ADE83005A98E6 /* PostTableViewCell.swift in Sources */,
				FC92CA6F2832F08A00F8254E /* ProfileViewController.swift in Sources */,
				FCBD62A928302EEE00E39F5B /* PostViewController.swift in Sources */,
			);
			runOnlyForDeploymentPostprocessing = 0;
		};
/* End PBXSourcesBuildPhase section */

/* Begin PBXVariantGroup section */
		FC100FDE282F060500CEBC95 /* LaunchScreen.storyboard */ = {
			isa = PBXVariantGroup;
			children = (
				FC100FDF282F060500CEBC95 /* Base */,
			);
			name = LaunchScreen.storyboard;
			sourceTree = "<group>";
		};
/* End PBXVariantGroup section */

/* Begin XCBuildConfiguration section */
		FC100FE2282F060500CEBC95 /* Debug */ = {
			isa = XCBuildConfiguration;
			buildSettings = {
				ALWAYS_SEARCH_USER_PATHS = NO;
				CLANG_ANALYZER_NONNULL = YES;
				CLANG_ANALYZER_NUMBER_OBJECT_CONVERSION = YES_AGGRESSIVE;
				CLANG_CXX_LANGUAGE_STANDARD = "gnu++17";
				CLANG_ENABLE_MODULES = YES;
				CLANG_ENABLE_OBJC_ARC = YES;
				CLANG_ENABLE_OBJC_WEAK = YES;
				CLANG_WARN_BLOCK_CAPTURE_AUTORELEASING = YES;
				CLANG_WARN_BOOL_CONVERSION = YES;
				CLANG_WARN_COMMA = YES;
				CLANG_WARN_CONSTANT_CONVERSION = YES;
				CLANG_WARN_DEPRECATED_OBJC_IMPLEMENTATIONS = YES;
				CLANG_WARN_DIRECT_OBJC_ISA_USAGE = YES_ERROR;
				CLANG_WARN_DOCUMENTATION_COMMENTS = YES;
				CLANG_WARN_EMPTY_BODY = YES;
				CLANG_WARN_ENUM_CONVERSION = YES;
				CLANG_WARN_INFINITE_RECURSION = YES;
				CLANG_WARN_INT_CONVERSION = YES;
				CLANG_WARN_NON_LITERAL_NULL_CONVERSION = YES;
				CLANG_WARN_OBJC_IMPLICIT_RETAIN_SELF = YES;
				CLANG_WARN_OBJC_LITERAL_CONVERSION = YES;
				CLANG_WARN_OBJC_ROOT_CLASS = YES_ERROR;
				CLANG_WARN_QUOTED_INCLUDE_IN_FRAMEWORK_HEADER = YES;
				CLANG_WARN_RANGE_LOOP_ANALYSIS = YES;
				CLANG_WARN_STRICT_PROTOTYPES = YES;
				CLANG_WARN_SUSPICIOUS_MOVE = YES;
				CLANG_WARN_UNGUARDED_AVAILABILITY = YES_AGGRESSIVE;
				CLANG_WARN_UNREACHABLE_CODE = YES;
				CLANG_WARN__DUPLICATE_METHOD_MATCH = YES;
				COPY_PHASE_STRIP = NO;
				DEBUG_INFORMATION_FORMAT = dwarf;
				ENABLE_STRICT_OBJC_MSGSEND = YES;
				ENABLE_TESTABILITY = YES;
				GCC_C_LANGUAGE_STANDARD = gnu11;
				GCC_DYNAMIC_NO_PIC = NO;
				GCC_NO_COMMON_BLOCKS = YES;
				GCC_OPTIMIZATION_LEVEL = 0;
				GCC_PREPROCESSOR_DEFINITIONS = (
					"DEBUG=1",
					"$(inherited)",
				);
				GCC_WARN_64_TO_32_BIT_CONVERSION = YES;
				GCC_WARN_ABOUT_RETURN_TYPE = YES_ERROR;
				GCC_WARN_UNDECLARED_SELECTOR = YES;
				GCC_WARN_UNINITIALIZED_AUTOS = YES_AGGRESSIVE;
				GCC_WARN_UNUSED_FUNCTION = YES;
				GCC_WARN_UNUSED_VARIABLE = YES;
				IPHONEOS_DEPLOYMENT_TARGET = 15.4;
				MTL_ENABLE_DEBUG_INFO = INCLUDE_SOURCE;
				MTL_FAST_MATH = YES;
				ONLY_ACTIVE_ARCH = YES;
				SDKROOT = iphoneos;
				SWIFT_ACTIVE_COMPILATION_CONDITIONS = DEBUG;
				SWIFT_OPTIMIZATION_LEVEL = "-Onone";
			};
			name = Debug;
		};
		FC100FE3282F060500CEBC95 /* Release */ = {
			isa = XCBuildConfiguration;
			buildSettings = {
				ALWAYS_SEARCH_USER_PATHS = NO;
				CLANG_ANALYZER_NONNULL = YES;
				CLANG_ANALYZER_NUMBER_OBJECT_CONVERSION = YES_AGGRESSIVE;
				CLANG_CXX_LANGUAGE_STANDARD = "gnu++17";
				CLANG_ENABLE_MODULES = YES;
				CLANG_ENABLE_OBJC_ARC = YES;
				CLANG_ENABLE_OBJC_WEAK = YES;
				CLANG_WARN_BLOCK_CAPTURE_AUTORELEASING = YES;
				CLANG_WARN_BOOL_CONVERSION = YES;
				CLANG_WARN_COMMA = YES;
				CLANG_WARN_CONSTANT_CONVERSION = YES;
				CLANG_WARN_DEPRECATED_OBJC_IMPLEMENTATIONS = YES;
				CLANG_WARN_DIRECT_OBJC_ISA_USAGE = YES_ERROR;
				CLANG_WARN_DOCUMENTATION_COMMENTS = YES;
				CLANG_WARN_EMPTY_BODY = YES;
				CLANG_WARN_ENUM_CONVERSION = YES;
				CLANG_WARN_INFINITE_RECURSION = YES;
				CLANG_WARN_INT_CONVERSION = YES;
				CLANG_WARN_NON_LITERAL_NULL_CONVERSION = YES;
				CLANG_WARN_OBJC_IMPLICIT_RETAIN_SELF = YES;
				CLANG_WARN_OBJC_LITERAL_CONVERSION = YES;
				CLANG_WARN_OBJC_ROOT_CLASS = YES_ERROR;
				CLANG_WARN_QUOTED_INCLUDE_IN_FRAMEWORK_HEADER = YES;
				CLANG_WARN_RANGE_LOOP_ANALYSIS = YES;
				CLANG_WARN_STRICT_PROTOTYPES = YES;
				CLANG_WARN_SUSPICIOUS_MOVE = YES;
				CLANG_WARN_UNGUARDED_AVAILABILITY = YES_AGGRESSIVE;
				CLANG_WARN_UNREACHABLE_CODE = YES;
				CLANG_WARN__DUPLICATE_METHOD_MATCH = YES;
				COPY_PHASE_STRIP = NO;
				DEBUG_INFORMATION_FORMAT = "dwarf-with-dsym";
				ENABLE_NS_ASSERTIONS = NO;
				ENABLE_STRICT_OBJC_MSGSEND = YES;
				GCC_C_LANGUAGE_STANDARD = gnu11;
				GCC_NO_COMMON_BLOCKS = YES;
				GCC_WARN_64_TO_32_BIT_CONVERSION = YES;
				GCC_WARN_ABOUT_RETURN_TYPE = YES_ERROR;
				GCC_WARN_UNDECLARED_SELECTOR = YES;
				GCC_WARN_UNINITIALIZED_AUTOS = YES_AGGRESSIVE;
				GCC_WARN_UNUSED_FUNCTION = YES;
				GCC_WARN_UNUSED_VARIABLE = YES;
				IPHONEOS_DEPLOYMENT_TARGET = 15.4;
				MTL_ENABLE_DEBUG_INFO = NO;
				MTL_FAST_MATH = YES;
				SDKROOT = iphoneos;
				SWIFT_COMPILATION_MODE = wholemodule;
				SWIFT_OPTIMIZATION_LEVEL = "-O";
				VALIDATE_PRODUCT = YES;
			};
			name = Release;
		};
		FC100FE5282F060500CEBC95 /* Debug */ = {
			isa = XCBuildConfiguration;
			buildSettings = {
				ASSETCATALOG_COMPILER_APPICON_NAME = AppIcon;
				ASSETCATALOG_COMPILER_GLOBAL_ACCENT_COLOR_NAME = AccentColor;
				CODE_SIGN_STYLE = Automatic;
				CURRENT_PROJECT_VERSION = 1;
				DEVELOPMENT_TEAM = CX843XKW65;
				GENERATE_INFOPLIST_FILE = YES;
				INFOPLIST_FILE = Navigation/Info.plist;
				INFOPLIST_KEY_UIApplicationSupportsIndirectInputEvents = YES;
				INFOPLIST_KEY_UILaunchStoryboardName = LaunchScreen;
				INFOPLIST_KEY_UISupportedInterfaceOrientations_iPad = "UIInterfaceOrientationPortrait UIInterfaceOrientationPortraitUpsideDown UIInterfaceOrientationLandscapeLeft UIInterfaceOrientationLandscapeRight";
				INFOPLIST_KEY_UISupportedInterfaceOrientations_iPhone = "UIInterfaceOrientationPortrait UIInterfaceOrientationLandscapeLeft UIInterfaceOrientationLandscapeRight";
				LD_RUNPATH_SEARCH_PATHS = (
					"$(inherited)",
					"@executable_path/Frameworks",
				);
				MARKETING_VERSION = 1.0;
				PRODUCT_BUNDLE_IDENTIFIER = Iurasova.Navigation;
				PRODUCT_NAME = "$(TARGET_NAME)";
				SWIFT_EMIT_LOC_STRINGS = YES;
				SWIFT_VERSION = 5.0;
				TARGETED_DEVICE_FAMILY = "1,2";
			};
			name = Debug;
		};
		FC100FE6282F060500CEBC95 /* Release */ = {
			isa = XCBuildConfiguration;
			buildSettings = {
				ASSETCATALOG_COMPILER_APPICON_NAME = AppIcon;
				ASSETCATALOG_COMPILER_GLOBAL_ACCENT_COLOR_NAME = AccentColor;
				CODE_SIGN_STYLE = Automatic;
				CURRENT_PROJECT_VERSION = 1;
				DEVELOPMENT_TEAM = CX843XKW65;
				GENERATE_INFOPLIST_FILE = YES;
				INFOPLIST_FILE = Navigation/Info.plist;
				INFOPLIST_KEY_UIApplicationSupportsIndirectInputEvents = YES;
				INFOPLIST_KEY_UILaunchStoryboardName = LaunchScreen;
				INFOPLIST_KEY_UISupportedInterfaceOrientations_iPad = "UIInterfaceOrientationPortrait UIInterfaceOrientationPortraitUpsideDown UIInterfaceOrientationLandscapeLeft UIInterfaceOrientationLandscapeRight";
				INFOPLIST_KEY_UISupportedInterfaceOrientations_iPhone = "UIInterfaceOrientationPortrait UIInterfaceOrientationLandscapeLeft UIInterfaceOrientationLandscapeRight";
				LD_RUNPATH_SEARCH_PATHS = (
					"$(inherited)",
					"@executable_path/Frameworks",
				);
				MARKETING_VERSION = 1.0;
				PRODUCT_BUNDLE_IDENTIFIER = Iurasova.Navigation;
				PRODUCT_NAME = "$(TARGET_NAME)";
				SWIFT_EMIT_LOC_STRINGS = YES;
				SWIFT_VERSION = 5.0;
				TARGETED_DEVICE_FAMILY = "1,2";
			};
			name = Release;
		};
/* End XCBuildConfiguration section */

/* Begin XCConfigurationList section */
		FC100FCB282F060400CEBC95 /* Build configuration list for PBXProject "Navigation" */ = {
			isa = XCConfigurationList;
			buildConfigurations = (
				FC100FE2282F060500CEBC95 /* Debug */,
				FC100FE3282F060500CEBC95 /* Release */,
			);
			defaultConfigurationIsVisible = 0;
			defaultConfigurationName = Release;
		};
		FC100FE4282F060500CEBC95 /* Build configuration list for PBXNativeTarget "Navigation" */ = {
			isa = XCConfigurationList;
			buildConfigurations = (
				FC100FE5282F060500CEBC95 /* Debug */,
				FC100FE6282F060500CEBC95 /* Release */,
			);
			defaultConfigurationIsVisible = 0;
			defaultConfigurationName = Release;
		};
/* End XCConfigurationList section */
	};
	rootObject = FC100FC8282F060400CEBC95 /* Project object */;
}
